
Microsoft Visual Studio Solution File, Format Version 12.00
# Visual Studio 15
VisualStudioVersion = 15.0.27130.0
MinimumVisualStudioVersion = 10.0.40219.1
Project("{2150E333-8FDC-42A3-9474-1A3956D46DE8}") = "ServiceContracts", "ServiceContracts", "{7C00CB4E-E03D-4B3A-889D-D2B59C3E4438}"
EndProject
Project("{FAE04EC0-301F-11D3-BF4B-00C04F79EFBC}") = "NetworkModelGDAContract", "ServiceContracts\NetworkModelQueryContract\NetworkModelGDAContract.csproj", "{B726FB71-D295-41EE-9644-B2B0B1BC8911}"
EndProject
Project("{2150E333-8FDC-42A3-9474-1A3956D46DE8}") = "Common", "Common", "{D4414E5B-A380-4CBE-9103-BC7588260976}"
EndProject
Project("{FAE04EC0-301F-11D3-BF4B-00C04F79EFBC}") = "Common", "Common\Common.csproj", "{892CBE15-9ED7-4540-81FA-0EAABA592138}"
EndProject
Project("{2150E333-8FDC-42A3-9474-1A3956D46DE8}") = "NetworkModelService", "NetworkModelService", "{ABC630A2-50D2-4DF5-B4FF-C6E1FABE530E}"
EndProject
Project("{2150E333-8FDC-42A3-9474-1A3956D46DE8}") = "TestClient", "TestClient", "{CD0EE85F-3877-4725-9A29-968A33156D3D}"
EndProject
Project("{FAE04EC0-301F-11D3-BF4B-00C04F79EFBC}") = "NetworkModelService", "NetworkModelService\NetworkModelService.csproj", "{2630D180-1B68-4E84-AEAC-42EE8C88B50F}"
EndProject
Project("{FAE04EC0-301F-11D3-BF4B-00C04F79EFBC}") = "DataModel", "NetworkModelService\DataModel\DataModel.csproj", "{ADE96497-7C11-40B6-AE82-57F956C9F104}"
EndProject
Project("{FAE04EC0-301F-11D3-BF4B-00C04F79EFBC}") = "NMSTestClient", "NetworkModelService\Test\NMSTestClient\NMSTestClient.csproj", "{32EE9373-A350-42AC-972B-41B2EDABA082}"
EndProject
Project("{FAE04EC0-301F-11D3-BF4B-00C04F79EFBC}") = "NetworkModelServiceSelfHost", "NetworkModelService\ServiceHost\NetworkModelServiceSelfHost\NetworkModelServiceSelfHost.csproj", "{E112FFCC-BD88-4056-99E1-0991A0E82588}"
EndProject
Project("{2150E333-8FDC-42A3-9474-1A3956D46DE8}") = "Client", "Client", "{010F8680-975D-4BA4-8CE9-E63A44B3A7DF}"
EndProject
Project("{FAE04EC0-301F-11D3-BF4B-00C04F79EFBC}") = "DispatcherApp", "DispatcherApp\DispatcherApp.csproj", "{147E8CD4-1935-4A34-AFF6-ECB0F8F29B7A}"
EndProject
Project("{2150E333-8FDC-42A3-9474-1A3956D46DE8}") = "ComunicationEngine", "ComunicationEngine", "{10972255-F6F0-45D0-AE8C-27BE16558960}"
EndProject
Project("{FAE04EC0-301F-11D3-BF4B-00C04F79EFBC}") = "CommunicationEngine", "ComunicationEngine\CommunicationEngine\CommunicationEngine.csproj", "{BB454887-1F4B-4712-A2FD-FB1990598EDB}"
EndProject
Project("{FAE04EC0-301F-11D3-BF4B-00C04F79EFBC}") = "CommunicationEngineContract", "ServiceContracts\CommunicationEngineContract\CommunicationEngineContract.csproj", "{F4F76A34-3088-41D6-ACEF-47D2DDC94441}"
EndProject
Project("{2150E333-8FDC-42A3-9474-1A3956D46DE8}") = "Test", "Test", "{2002CE8C-3ED7-4621-B5FF-FE202727FA72}"
EndProject
Project("{FAE04EC0-301F-11D3-BF4B-00C04F79EFBC}") = "CommunicEngineTest", "ComunicationEngine\CommunicationEngine\Test\CommunicEngineTest\CommunicEngineTest.csproj", "{F0530BBE-B691-42BC-AC88-C9438E1A3EF2}"
EndProject
Project("{FAE04EC0-301F-11D3-BF4B-00C04F79EFBC}") = "CIMAdapter", "NetworkModelService\CIMAdapter\CIMAdapter.csproj", "{F680D34F-C148-4314-8914-B2DF3E7B17AF}"
EndProject
Project("{FAE04EC0-301F-11D3-BF4B-00C04F79EFBC}") = "CIMParser", "NetworkModelService\CIMParser\CIMParser.csproj", "{3C03A41C-BE4C-40A8-97D5-5DBAC0C34102}"
EndProject
Project("{FAE04EC0-301F-11D3-BF4B-00C04F79EFBC}") = "CIMProfileCreator", "NetworkModelService\CIMProfileCreator\CIMProfileCreator.csproj", "{05FA2F21-D4DE-4F42-8D8F-AC79993394F6}"
EndProject
Project("{FAE04EC0-301F-11D3-BF4B-00C04F79EFBC}") = "ModelLabsApp", "NetworkModelService\ModelLabsApp\ModelLabsApp.csproj", "{3DD11384-2CC1-4EE9-9F4A-02B6FE8759C0}"
EndProject
Project("{2150E333-8FDC-42A3-9474-1A3956D46DE8}") = "SCADA", "SCADA", "{6FB58935-3E2D-4463-B39D-C51457554D7B}"
EndProject
Project("{FAE04EC0-301F-11D3-BF4B-00C04F79EFBC}") = "ModbusTCPDriver", "SCADA\ModbusTCPDriver\ModbusTCPDriver.csproj", "{6BD692A7-28AC-432B-A316-DEB277EDE45A}"
EndProject
Project("{FAE04EC0-301F-11D3-BF4B-00C04F79EFBC}") = "SCADA", "SCADA\SCADA\SCADA.csproj", "{22B4189D-4F0E-4692-8CC2-B6F6D1E70234}"
EndProject
Project("{2150E333-8FDC-42A3-9474-1A3956D46DE8}") = "OMS", "OMS", "{A5EC4DDB-A315-4123-9959-C02245BD7497}"
EndProject
Project("{2150E333-8FDC-42A3-9474-1A3956D46DE8}") = "DMS", "DMS", "{D4A48626-4672-42DE-B8D1-4722657A4695}"
EndProject
Project("{2150E333-8FDC-42A3-9474-1A3956D46DE8}") = "TransactionManager", "TransactionManager", "{1E6CD6EC-14C4-4DD5-9534-68067686AD48}"
EndProject
Project("{2150E333-8FDC-42A3-9474-1A3956D46DE8}") = "PubSub", "PubSub", "{03A78D00-8D07-416E-B730-8F730D93A751}"
EndProject
Project("{FAE04EC0-301F-11D3-BF4B-00C04F79EFBC}") = "PubSubscribe", "PubSubscribe\PubSubscribe.csproj", "{36299CC7-43BA-4F75-AF82-96A54DD3D0E9}"
EndProject
Project("{FAE04EC0-301F-11D3-BF4B-00C04F79EFBC}") = "PubSubContract", "PubSubContract\PubSubContract.csproj", "{C6CF75F4-B2F3-4139-88E9-0EBB37E04E16}"
EndProject
Project("{FAE04EC0-301F-11D3-BF4B-00C04F79EFBC}") = "PubSubscribeService", "PubSubscribeService\PubSubscribeService.csproj", "{C4260CCE-7396-4A8F-A860-89486797CD55}"
EndProject
Project("{2150E333-8FDC-42A3-9474-1A3956D46DE8}") = "Test", "Test", "{CB12BBE4-0576-4E04-86E1-8A5ACAEDE92A}"
EndProject
Project("{FAE04EC0-301F-11D3-BF4B-00C04F79EFBC}") = "TestCommon", "TestCommon\TestCommon.csproj", "{CB6982B1-61BD-4208-AD58-7937D51AB954}"
EndProject
Project("{FAE04EC0-301F-11D3-BF4B-00C04F79EFBC}") = "DataModelTest", "DataModelTest\DataModelTest.csproj", "{C4BA0A5D-B488-46CD-8323-8F5B6E97CF70}"
EndProject
Project("{FAE04EC0-301F-11D3-BF4B-00C04F79EFBC}") = "SCADAContracts", "ServiceContracts\SCADAContracts\SCADAContracts.csproj", "{91FA4DB9-E3E0-4A3C-B0AB-29DCEC746770}"
EndProject
Project("{FAE04EC0-301F-11D3-BF4B-00C04F79EFBC}") = "OMSSCADACommon", "Common\OMSSCADACommon\OMSSCADACommon.csproj", "{A7F86CA6-39F1-4B61-BF71-C01E327FA861}"
EndProject
Project("{2150E333-8FDC-42A3-9474-1A3956D46DE8}") = "PCCommunicationLayer", "PCCommunicationLayer", "{EF1AF73E-2FBA-4D5A-AC10-6FE10DD14FA0}"
EndProject
Project("{FAE04EC0-301F-11D3-BF4B-00C04F79EFBC}") = "PCCommon", "PCCommon\PCCommon.csproj", "{5BC05BE9-6F8A-428D-83E7-C406D6736401}"
EndProject
Project("{2150E333-8FDC-42A3-9474-1A3956D46DE8}") = "Solution Items", "Solution Items", "{12FCF3EE-66E3-4592-AFDE-22E70EA0BDC5}"
	ProjectSection(SolutionItems) = preProject
		Readme.txt = Readme.txt
	EndProjectSection
EndProject
Global
	GlobalSection(SolutionConfigurationPlatforms) = preSolution
		Debug|Any CPU = Debug|Any CPU
		Debug|x64 = Debug|x64
		Debug|x86 = Debug|x86
		Release|Any CPU = Release|Any CPU
		Release|x64 = Release|x64
		Release|x86 = Release|x86
	EndGlobalSection
	GlobalSection(ProjectConfigurationPlatforms) = postSolution
		{B726FB71-D295-41EE-9644-B2B0B1BC8911}.Debug|Any CPU.ActiveCfg = Debug|x86
		{B726FB71-D295-41EE-9644-B2B0B1BC8911}.Debug|x64.ActiveCfg = Debug|x64
		{B726FB71-D295-41EE-9644-B2B0B1BC8911}.Debug|x64.Build.0 = Debug|x64
		{B726FB71-D295-41EE-9644-B2B0B1BC8911}.Debug|x86.ActiveCfg = Debug|x86
		{B726FB71-D295-41EE-9644-B2B0B1BC8911}.Debug|x86.Build.0 = Debug|x86
		{B726FB71-D295-41EE-9644-B2B0B1BC8911}.Release|Any CPU.ActiveCfg = Release|x86
		{B726FB71-D295-41EE-9644-B2B0B1BC8911}.Release|x64.ActiveCfg = Release|x64
		{B726FB71-D295-41EE-9644-B2B0B1BC8911}.Release|x64.Build.0 = Release|x64
		{B726FB71-D295-41EE-9644-B2B0B1BC8911}.Release|x86.ActiveCfg = Release|x86
		{B726FB71-D295-41EE-9644-B2B0B1BC8911}.Release|x86.Build.0 = Release|x86
		{892CBE15-9ED7-4540-81FA-0EAABA592138}.Debug|Any CPU.ActiveCfg = Debug|x86
		{892CBE15-9ED7-4540-81FA-0EAABA592138}.Debug|x64.ActiveCfg = Debug|x64
		{892CBE15-9ED7-4540-81FA-0EAABA592138}.Debug|x64.Build.0 = Debug|x64
		{892CBE15-9ED7-4540-81FA-0EAABA592138}.Debug|x86.ActiveCfg = Debug|x86
		{892CBE15-9ED7-4540-81FA-0EAABA592138}.Debug|x86.Build.0 = Debug|x86
		{892CBE15-9ED7-4540-81FA-0EAABA592138}.Release|Any CPU.ActiveCfg = Release|x86
		{892CBE15-9ED7-4540-81FA-0EAABA592138}.Release|x64.ActiveCfg = Release|x64
		{892CBE15-9ED7-4540-81FA-0EAABA592138}.Release|x64.Build.0 = Release|x64
		{892CBE15-9ED7-4540-81FA-0EAABA592138}.Release|x86.ActiveCfg = Release|x86
		{892CBE15-9ED7-4540-81FA-0EAABA592138}.Release|x86.Build.0 = Release|x86
		{2630D180-1B68-4E84-AEAC-42EE8C88B50F}.Debug|Any CPU.ActiveCfg = Debug|x86
		{2630D180-1B68-4E84-AEAC-42EE8C88B50F}.Debug|x64.ActiveCfg = Debug|x64
		{2630D180-1B68-4E84-AEAC-42EE8C88B50F}.Debug|x64.Build.0 = Debug|x64
		{2630D180-1B68-4E84-AEAC-42EE8C88B50F}.Debug|x86.ActiveCfg = Debug|x86
		{2630D180-1B68-4E84-AEAC-42EE8C88B50F}.Debug|x86.Build.0 = Debug|x86
		{2630D180-1B68-4E84-AEAC-42EE8C88B50F}.Release|Any CPU.ActiveCfg = Release|x86
		{2630D180-1B68-4E84-AEAC-42EE8C88B50F}.Release|x64.ActiveCfg = Release|x64
		{2630D180-1B68-4E84-AEAC-42EE8C88B50F}.Release|x64.Build.0 = Release|x64
		{2630D180-1B68-4E84-AEAC-42EE8C88B50F}.Release|x86.ActiveCfg = Release|x86
		{2630D180-1B68-4E84-AEAC-42EE8C88B50F}.Release|x86.Build.0 = Release|x86
		{ADE96497-7C11-40B6-AE82-57F956C9F104}.Debug|Any CPU.ActiveCfg = Debug|x86
		{ADE96497-7C11-40B6-AE82-57F956C9F104}.Debug|x64.ActiveCfg = Debug|x64
		{ADE96497-7C11-40B6-AE82-57F956C9F104}.Debug|x64.Build.0 = Debug|x64
		{ADE96497-7C11-40B6-AE82-57F956C9F104}.Debug|x86.ActiveCfg = Debug|x86
		{ADE96497-7C11-40B6-AE82-57F956C9F104}.Debug|x86.Build.0 = Debug|x86
		{ADE96497-7C11-40B6-AE82-57F956C9F104}.Release|Any CPU.ActiveCfg = Release|x86
		{ADE96497-7C11-40B6-AE82-57F956C9F104}.Release|x64.ActiveCfg = Release|x64
		{ADE96497-7C11-40B6-AE82-57F956C9F104}.Release|x64.Build.0 = Release|x64
		{ADE96497-7C11-40B6-AE82-57F956C9F104}.Release|x86.ActiveCfg = Release|x86
		{ADE96497-7C11-40B6-AE82-57F956C9F104}.Release|x86.Build.0 = Release|x86
		{32EE9373-A350-42AC-972B-41B2EDABA082}.Debug|Any CPU.ActiveCfg = Debug|x86
		{32EE9373-A350-42AC-972B-41B2EDABA082}.Debug|x64.ActiveCfg = Debug|x64
		{32EE9373-A350-42AC-972B-41B2EDABA082}.Debug|x64.Build.0 = Debug|x64
		{32EE9373-A350-42AC-972B-41B2EDABA082}.Debug|x86.ActiveCfg = Debug|x86
		{32EE9373-A350-42AC-972B-41B2EDABA082}.Debug|x86.Build.0 = Debug|x86
		{32EE9373-A350-42AC-972B-41B2EDABA082}.Release|Any CPU.ActiveCfg = Release|x86
		{32EE9373-A350-42AC-972B-41B2EDABA082}.Release|x64.ActiveCfg = Release|x64
		{32EE9373-A350-42AC-972B-41B2EDABA082}.Release|x64.Build.0 = Release|x64
		{32EE9373-A350-42AC-972B-41B2EDABA082}.Release|x86.ActiveCfg = Release|x86
		{32EE9373-A350-42AC-972B-41B2EDABA082}.Release|x86.Build.0 = Release|x86
		{E112FFCC-BD88-4056-99E1-0991A0E82588}.Debug|Any CPU.ActiveCfg = Debug|x86
		{E112FFCC-BD88-4056-99E1-0991A0E82588}.Debug|x64.ActiveCfg = Debug|x64
		{E112FFCC-BD88-4056-99E1-0991A0E82588}.Debug|x64.Build.0 = Debug|x64
		{E112FFCC-BD88-4056-99E1-0991A0E82588}.Debug|x86.ActiveCfg = Debug|x86
		{E112FFCC-BD88-4056-99E1-0991A0E82588}.Debug|x86.Build.0 = Debug|x86
		{E112FFCC-BD88-4056-99E1-0991A0E82588}.Release|Any CPU.ActiveCfg = Release|x86
		{E112FFCC-BD88-4056-99E1-0991A0E82588}.Release|x64.ActiveCfg = Release|x64
		{E112FFCC-BD88-4056-99E1-0991A0E82588}.Release|x64.Build.0 = Release|x64
		{E112FFCC-BD88-4056-99E1-0991A0E82588}.Release|x86.ActiveCfg = Release|x86
		{E112FFCC-BD88-4056-99E1-0991A0E82588}.Release|x86.Build.0 = Release|x86
		{147E8CD4-1935-4A34-AFF6-ECB0F8F29B7A}.Debug|Any CPU.ActiveCfg = Debug|Any CPU
		{147E8CD4-1935-4A34-AFF6-ECB0F8F29B7A}.Debug|Any CPU.Build.0 = Debug|Any CPU
		{147E8CD4-1935-4A34-AFF6-ECB0F8F29B7A}.Debug|x64.ActiveCfg = Debug|Any CPU
		{147E8CD4-1935-4A34-AFF6-ECB0F8F29B7A}.Debug|x64.Build.0 = Debug|Any CPU
		{147E8CD4-1935-4A34-AFF6-ECB0F8F29B7A}.Debug|x86.ActiveCfg = Debug|Any CPU
		{147E8CD4-1935-4A34-AFF6-ECB0F8F29B7A}.Debug|x86.Build.0 = Debug|Any CPU
		{147E8CD4-1935-4A34-AFF6-ECB0F8F29B7A}.Release|Any CPU.ActiveCfg = Release|Any CPU
		{147E8CD4-1935-4A34-AFF6-ECB0F8F29B7A}.Release|Any CPU.Build.0 = Release|Any CPU
		{147E8CD4-1935-4A34-AFF6-ECB0F8F29B7A}.Release|x64.ActiveCfg = Release|Any CPU
		{147E8CD4-1935-4A34-AFF6-ECB0F8F29B7A}.Release|x64.Build.0 = Release|Any CPU
		{147E8CD4-1935-4A34-AFF6-ECB0F8F29B7A}.Release|x86.ActiveCfg = Release|Any CPU
		{147E8CD4-1935-4A34-AFF6-ECB0F8F29B7A}.Release|x86.Build.0 = Release|Any CPU
		{BB454887-1F4B-4712-A2FD-FB1990598EDB}.Debug|Any CPU.ActiveCfg = Debug|Any CPU
		{BB454887-1F4B-4712-A2FD-FB1990598EDB}.Debug|Any CPU.Build.0 = Debug|Any CPU
		{BB454887-1F4B-4712-A2FD-FB1990598EDB}.Debug|x64.ActiveCfg = Debug|Any CPU
		{BB454887-1F4B-4712-A2FD-FB1990598EDB}.Debug|x64.Build.0 = Debug|Any CPU
		{BB454887-1F4B-4712-A2FD-FB1990598EDB}.Debug|x86.ActiveCfg = Debug|Any CPU
		{BB454887-1F4B-4712-A2FD-FB1990598EDB}.Debug|x86.Build.0 = Debug|Any CPU
		{BB454887-1F4B-4712-A2FD-FB1990598EDB}.Release|Any CPU.ActiveCfg = Release|Any CPU
		{BB454887-1F4B-4712-A2FD-FB1990598EDB}.Release|Any CPU.Build.0 = Release|Any CPU
		{BB454887-1F4B-4712-A2FD-FB1990598EDB}.Release|x64.ActiveCfg = Release|Any CPU
		{BB454887-1F4B-4712-A2FD-FB1990598EDB}.Release|x64.Build.0 = Release|Any CPU
		{BB454887-1F4B-4712-A2FD-FB1990598EDB}.Release|x86.ActiveCfg = Release|Any CPU
		{BB454887-1F4B-4712-A2FD-FB1990598EDB}.Release|x86.Build.0 = Release|Any CPU
		{F4F76A34-3088-41D6-ACEF-47D2DDC94441}.Debug|Any CPU.ActiveCfg = Debug|Any CPU
		{F4F76A34-3088-41D6-ACEF-47D2DDC94441}.Debug|Any CPU.Build.0 = Debug|Any CPU
		{F4F76A34-3088-41D6-ACEF-47D2DDC94441}.Debug|x64.ActiveCfg = Debug|Any CPU
		{F4F76A34-3088-41D6-ACEF-47D2DDC94441}.Debug|x64.Build.0 = Debug|Any CPU
		{F4F76A34-3088-41D6-ACEF-47D2DDC94441}.Debug|x86.ActiveCfg = Debug|Any CPU
		{F4F76A34-3088-41D6-ACEF-47D2DDC94441}.Debug|x86.Build.0 = Debug|Any CPU
		{F4F76A34-3088-41D6-ACEF-47D2DDC94441}.Release|Any CPU.ActiveCfg = Release|Any CPU
		{F4F76A34-3088-41D6-ACEF-47D2DDC94441}.Release|Any CPU.Build.0 = Release|Any CPU
		{F4F76A34-3088-41D6-ACEF-47D2DDC94441}.Release|x64.ActiveCfg = Release|Any CPU
		{F4F76A34-3088-41D6-ACEF-47D2DDC94441}.Release|x64.Build.0 = Release|Any CPU
		{F4F76A34-3088-41D6-ACEF-47D2DDC94441}.Release|x86.ActiveCfg = Release|Any CPU
		{F4F76A34-3088-41D6-ACEF-47D2DDC94441}.Release|x86.Build.0 = Release|Any CPU
		{F0530BBE-B691-42BC-AC88-C9438E1A3EF2}.Debug|Any CPU.ActiveCfg = Debug|Any CPU
		{F0530BBE-B691-42BC-AC88-C9438E1A3EF2}.Debug|Any CPU.Build.0 = Debug|Any CPU
		{F0530BBE-B691-42BC-AC88-C9438E1A3EF2}.Debug|x64.ActiveCfg = Debug|Any CPU
		{F0530BBE-B691-42BC-AC88-C9438E1A3EF2}.Debug|x64.Build.0 = Debug|Any CPU
		{F0530BBE-B691-42BC-AC88-C9438E1A3EF2}.Debug|x86.ActiveCfg = Debug|Any CPU
		{F0530BBE-B691-42BC-AC88-C9438E1A3EF2}.Debug|x86.Build.0 = Debug|Any CPU
		{F0530BBE-B691-42BC-AC88-C9438E1A3EF2}.Release|Any CPU.ActiveCfg = Release|Any CPU
		{F0530BBE-B691-42BC-AC88-C9438E1A3EF2}.Release|Any CPU.Build.0 = Release|Any CPU
		{F0530BBE-B691-42BC-AC88-C9438E1A3EF2}.Release|x64.ActiveCfg = Release|Any CPU
		{F0530BBE-B691-42BC-AC88-C9438E1A3EF2}.Release|x64.Build.0 = Release|Any CPU
		{F0530BBE-B691-42BC-AC88-C9438E1A3EF2}.Release|x86.ActiveCfg = Release|Any CPU
		{F0530BBE-B691-42BC-AC88-C9438E1A3EF2}.Release|x86.Build.0 = Release|Any CPU
		{F680D34F-C148-4314-8914-B2DF3E7B17AF}.Debug|Any CPU.ActiveCfg = Debug|x86
		{F680D34F-C148-4314-8914-B2DF3E7B17AF}.Debug|x64.ActiveCfg = Debug|x64
		{F680D34F-C148-4314-8914-B2DF3E7B17AF}.Debug|x64.Build.0 = Debug|x64
		{F680D34F-C148-4314-8914-B2DF3E7B17AF}.Debug|x86.ActiveCfg = Debug|x86
		{F680D34F-C148-4314-8914-B2DF3E7B17AF}.Debug|x86.Build.0 = Debug|x86
		{F680D34F-C148-4314-8914-B2DF3E7B17AF}.Release|Any CPU.ActiveCfg = Release|x86
		{F680D34F-C148-4314-8914-B2DF3E7B17AF}.Release|x64.ActiveCfg = Release|x64
		{F680D34F-C148-4314-8914-B2DF3E7B17AF}.Release|x64.Build.0 = Release|x64
		{F680D34F-C148-4314-8914-B2DF3E7B17AF}.Release|x86.ActiveCfg = Release|x86
		{F680D34F-C148-4314-8914-B2DF3E7B17AF}.Release|x86.Build.0 = Release|x86
		{3C03A41C-BE4C-40A8-97D5-5DBAC0C34102}.Debug|Any CPU.ActiveCfg = Debug|x86
		{3C03A41C-BE4C-40A8-97D5-5DBAC0C34102}.Debug|x64.ActiveCfg = Debug|x64
		{3C03A41C-BE4C-40A8-97D5-5DBAC0C34102}.Debug|x64.Build.0 = Debug|x64
		{3C03A41C-BE4C-40A8-97D5-5DBAC0C34102}.Debug|x86.ActiveCfg = Debug|x86
		{3C03A41C-BE4C-40A8-97D5-5DBAC0C34102}.Debug|x86.Build.0 = Debug|x86
		{3C03A41C-BE4C-40A8-97D5-5DBAC0C34102}.Release|Any CPU.ActiveCfg = Release|x86
		{3C03A41C-BE4C-40A8-97D5-5DBAC0C34102}.Release|x64.ActiveCfg = Release|x64
		{3C03A41C-BE4C-40A8-97D5-5DBAC0C34102}.Release|x64.Build.0 = Release|x64
		{3C03A41C-BE4C-40A8-97D5-5DBAC0C34102}.Release|x86.ActiveCfg = Release|x86
		{3C03A41C-BE4C-40A8-97D5-5DBAC0C34102}.Release|x86.Build.0 = Release|x86
		{05FA2F21-D4DE-4F42-8D8F-AC79993394F6}.Debug|Any CPU.ActiveCfg = Debug|x86
		{05FA2F21-D4DE-4F42-8D8F-AC79993394F6}.Debug|x64.ActiveCfg = Debug|x64
		{05FA2F21-D4DE-4F42-8D8F-AC79993394F6}.Debug|x64.Build.0 = Debug|x64
		{05FA2F21-D4DE-4F42-8D8F-AC79993394F6}.Debug|x86.ActiveCfg = Debug|x86
		{05FA2F21-D4DE-4F42-8D8F-AC79993394F6}.Debug|x86.Build.0 = Debug|x86
		{05FA2F21-D4DE-4F42-8D8F-AC79993394F6}.Release|Any CPU.ActiveCfg = Release|x86
		{05FA2F21-D4DE-4F42-8D8F-AC79993394F6}.Release|x64.ActiveCfg = Release|x64
		{05FA2F21-D4DE-4F42-8D8F-AC79993394F6}.Release|x64.Build.0 = Release|x64
		{05FA2F21-D4DE-4F42-8D8F-AC79993394F6}.Release|x86.ActiveCfg = Release|x86
		{05FA2F21-D4DE-4F42-8D8F-AC79993394F6}.Release|x86.Build.0 = Release|x86
		{3DD11384-2CC1-4EE9-9F4A-02B6FE8759C0}.Debug|Any CPU.ActiveCfg = Debug|x86
		{3DD11384-2CC1-4EE9-9F4A-02B6FE8759C0}.Debug|x64.ActiveCfg = Debug|x64
		{3DD11384-2CC1-4EE9-9F4A-02B6FE8759C0}.Debug|x64.Build.0 = Debug|x64
		{3DD11384-2CC1-4EE9-9F4A-02B6FE8759C0}.Debug|x86.ActiveCfg = Debug|x86
		{3DD11384-2CC1-4EE9-9F4A-02B6FE8759C0}.Debug|x86.Build.0 = Debug|x86
		{3DD11384-2CC1-4EE9-9F4A-02B6FE8759C0}.Release|Any CPU.ActiveCfg = Release|x86
		{3DD11384-2CC1-4EE9-9F4A-02B6FE8759C0}.Release|x64.ActiveCfg = Release|x64
		{3DD11384-2CC1-4EE9-9F4A-02B6FE8759C0}.Release|x64.Build.0 = Release|x64
		{3DD11384-2CC1-4EE9-9F4A-02B6FE8759C0}.Release|x86.ActiveCfg = Release|x86
		{3DD11384-2CC1-4EE9-9F4A-02B6FE8759C0}.Release|x86.Build.0 = Release|x86
		{6BD692A7-28AC-432B-A316-DEB277EDE45A}.Debug|Any CPU.ActiveCfg = Debug|Any CPU
		{6BD692A7-28AC-432B-A316-DEB277EDE45A}.Debug|Any CPU.Build.0 = Debug|Any CPU
		{6BD692A7-28AC-432B-A316-DEB277EDE45A}.Debug|x64.ActiveCfg = Debug|Any CPU
		{6BD692A7-28AC-432B-A316-DEB277EDE45A}.Debug|x64.Build.0 = Debug|Any CPU
		{6BD692A7-28AC-432B-A316-DEB277EDE45A}.Debug|x86.ActiveCfg = Debug|Any CPU
		{6BD692A7-28AC-432B-A316-DEB277EDE45A}.Debug|x86.Build.0 = Debug|Any CPU
		{6BD692A7-28AC-432B-A316-DEB277EDE45A}.Release|Any CPU.ActiveCfg = Release|Any CPU
		{6BD692A7-28AC-432B-A316-DEB277EDE45A}.Release|Any CPU.Build.0 = Release|Any CPU
		{6BD692A7-28AC-432B-A316-DEB277EDE45A}.Release|x64.ActiveCfg = Release|Any CPU
		{6BD692A7-28AC-432B-A316-DEB277EDE45A}.Release|x64.Build.0 = Release|Any CPU
		{6BD692A7-28AC-432B-A316-DEB277EDE45A}.Release|x86.ActiveCfg = Release|Any CPU
		{6BD692A7-28AC-432B-A316-DEB277EDE45A}.Release|x86.Build.0 = Release|Any CPU
		{22B4189D-4F0E-4692-8CC2-B6F6D1E70234}.Debug|Any CPU.ActiveCfg = Debug|Any CPU
		{22B4189D-4F0E-4692-8CC2-B6F6D1E70234}.Debug|Any CPU.Build.0 = Debug|Any CPU
		{22B4189D-4F0E-4692-8CC2-B6F6D1E70234}.Debug|x64.ActiveCfg = Debug|Any CPU
		{22B4189D-4F0E-4692-8CC2-B6F6D1E70234}.Debug|x64.Build.0 = Debug|Any CPU
		{22B4189D-4F0E-4692-8CC2-B6F6D1E70234}.Debug|x86.ActiveCfg = Debug|Any CPU
		{22B4189D-4F0E-4692-8CC2-B6F6D1E70234}.Debug|x86.Build.0 = Debug|Any CPU
		{22B4189D-4F0E-4692-8CC2-B6F6D1E70234}.Release|Any CPU.ActiveCfg = Release|Any CPU
		{22B4189D-4F0E-4692-8CC2-B6F6D1E70234}.Release|Any CPU.Build.0 = Release|Any CPU
		{22B4189D-4F0E-4692-8CC2-B6F6D1E70234}.Release|x64.ActiveCfg = Release|Any CPU
		{22B4189D-4F0E-4692-8CC2-B6F6D1E70234}.Release|x64.Build.0 = Release|Any CPU
		{22B4189D-4F0E-4692-8CC2-B6F6D1E70234}.Release|x86.ActiveCfg = Release|Any CPU
		{22B4189D-4F0E-4692-8CC2-B6F6D1E70234}.Release|x86.Build.0 = Release|Any CPU
		{36299CC7-43BA-4F75-AF82-96A54DD3D0E9}.Debug|Any CPU.ActiveCfg = Debug|Any CPU
		{36299CC7-43BA-4F75-AF82-96A54DD3D0E9}.Debug|Any CPU.Build.0 = Debug|Any CPU
		{36299CC7-43BA-4F75-AF82-96A54DD3D0E9}.Debug|x64.ActiveCfg = Debug|Any CPU
		{36299CC7-43BA-4F75-AF82-96A54DD3D0E9}.Debug|x64.Build.0 = Debug|Any CPU
		{36299CC7-43BA-4F75-AF82-96A54DD3D0E9}.Debug|x86.ActiveCfg = Debug|Any CPU
		{36299CC7-43BA-4F75-AF82-96A54DD3D0E9}.Debug|x86.Build.0 = Debug|Any CPU
		{36299CC7-43BA-4F75-AF82-96A54DD3D0E9}.Release|Any CPU.ActiveCfg = Release|Any CPU
		{36299CC7-43BA-4F75-AF82-96A54DD3D0E9}.Release|Any CPU.Build.0 = Release|Any CPU
		{36299CC7-43BA-4F75-AF82-96A54DD3D0E9}.Release|x64.ActiveCfg = Release|Any CPU
		{36299CC7-43BA-4F75-AF82-96A54DD3D0E9}.Release|x64.Build.0 = Release|Any CPU
		{36299CC7-43BA-4F75-AF82-96A54DD3D0E9}.Release|x86.ActiveCfg = Release|Any CPU
		{36299CC7-43BA-4F75-AF82-96A54DD3D0E9}.Release|x86.Build.0 = Release|Any CPU
		{C6CF75F4-B2F3-4139-88E9-0EBB37E04E16}.Debug|Any CPU.ActiveCfg = Debug|Any CPU
		{C6CF75F4-B2F3-4139-88E9-0EBB37E04E16}.Debug|Any CPU.Build.0 = Debug|Any CPU
		{C6CF75F4-B2F3-4139-88E9-0EBB37E04E16}.Debug|x64.ActiveCfg = Debug|Any CPU
		{C6CF75F4-B2F3-4139-88E9-0EBB37E04E16}.Debug|x64.Build.0 = Debug|Any CPU
		{C6CF75F4-B2F3-4139-88E9-0EBB37E04E16}.Debug|x86.ActiveCfg = Debug|Any CPU
		{C6CF75F4-B2F3-4139-88E9-0EBB37E04E16}.Debug|x86.Build.0 = Debug|Any CPU
		{C6CF75F4-B2F3-4139-88E9-0EBB37E04E16}.Release|Any CPU.ActiveCfg = Release|Any CPU
		{C6CF75F4-B2F3-4139-88E9-0EBB37E04E16}.Release|Any CPU.Build.0 = Release|Any CPU
		{C6CF75F4-B2F3-4139-88E9-0EBB37E04E16}.Release|x64.ActiveCfg = Release|Any CPU
		{C6CF75F4-B2F3-4139-88E9-0EBB37E04E16}.Release|x64.Build.0 = Release|Any CPU
		{C6CF75F4-B2F3-4139-88E9-0EBB37E04E16}.Release|x86.ActiveCfg = Release|Any CPU
		{C6CF75F4-B2F3-4139-88E9-0EBB37E04E16}.Release|x86.Build.0 = Release|Any CPU
		{C4260CCE-7396-4A8F-A860-89486797CD55}.Debug|Any CPU.ActiveCfg = Debug|Any CPU
		{C4260CCE-7396-4A8F-A860-89486797CD55}.Debug|Any CPU.Build.0 = Debug|Any CPU
		{C4260CCE-7396-4A8F-A860-89486797CD55}.Debug|x64.ActiveCfg = Debug|Any CPU
		{C4260CCE-7396-4A8F-A860-89486797CD55}.Debug|x64.Build.0 = Debug|Any CPU
		{C4260CCE-7396-4A8F-A860-89486797CD55}.Debug|x86.ActiveCfg = Debug|Any CPU
		{C4260CCE-7396-4A8F-A860-89486797CD55}.Debug|x86.Build.0 = Debug|Any CPU
		{C4260CCE-7396-4A8F-A860-89486797CD55}.Release|Any CPU.ActiveCfg = Release|Any CPU
		{C4260CCE-7396-4A8F-A860-89486797CD55}.Release|Any CPU.Build.0 = Release|Any CPU
		{C4260CCE-7396-4A8F-A860-89486797CD55}.Release|x64.ActiveCfg = Release|Any CPU
		{C4260CCE-7396-4A8F-A860-89486797CD55}.Release|x64.Build.0 = Release|Any CPU
		{C4260CCE-7396-4A8F-A860-89486797CD55}.Release|x86.ActiveCfg = Release|Any CPU
		{C4260CCE-7396-4A8F-A860-89486797CD55}.Release|x86.Build.0 = Release|Any CPU
		{CB6982B1-61BD-4208-AD58-7937D51AB954}.Debug|Any CPU.ActiveCfg = Debug|Any CPU
		{CB6982B1-61BD-4208-AD58-7937D51AB954}.Debug|Any CPU.Build.0 = Debug|Any CPU
		{CB6982B1-61BD-4208-AD58-7937D51AB954}.Debug|x64.ActiveCfg = Debug|Any CPU
		{CB6982B1-61BD-4208-AD58-7937D51AB954}.Debug|x64.Build.0 = Debug|Any CPU
		{CB6982B1-61BD-4208-AD58-7937D51AB954}.Debug|x86.ActiveCfg = Debug|Any CPU
		{CB6982B1-61BD-4208-AD58-7937D51AB954}.Debug|x86.Build.0 = Debug|Any CPU
		{CB6982B1-61BD-4208-AD58-7937D51AB954}.Release|Any CPU.ActiveCfg = Release|Any CPU
		{CB6982B1-61BD-4208-AD58-7937D51AB954}.Release|Any CPU.Build.0 = Release|Any CPU
		{CB6982B1-61BD-4208-AD58-7937D51AB954}.Release|x64.ActiveCfg = Release|Any CPU
		{CB6982B1-61BD-4208-AD58-7937D51AB954}.Release|x64.Build.0 = Release|Any CPU
		{CB6982B1-61BD-4208-AD58-7937D51AB954}.Release|x86.ActiveCfg = Release|Any CPU
		{CB6982B1-61BD-4208-AD58-7937D51AB954}.Release|x86.Build.0 = Release|Any CPU
		{C4BA0A5D-B488-46CD-8323-8F5B6E97CF70}.Debug|Any CPU.ActiveCfg = Debug|Any CPU
		{C4BA0A5D-B488-46CD-8323-8F5B6E97CF70}.Debug|Any CPU.Build.0 = Debug|Any CPU
		{C4BA0A5D-B488-46CD-8323-8F5B6E97CF70}.Debug|x64.ActiveCfg = Debug|Any CPU
		{C4BA0A5D-B488-46CD-8323-8F5B6E97CF70}.Debug|x64.Build.0 = Debug|Any CPU
		{C4BA0A5D-B488-46CD-8323-8F5B6E97CF70}.Debug|x86.ActiveCfg = Debug|Any CPU
		{C4BA0A5D-B488-46CD-8323-8F5B6E97CF70}.Debug|x86.Build.0 = Debug|Any CPU
		{C4BA0A5D-B488-46CD-8323-8F5B6E97CF70}.Release|Any CPU.ActiveCfg = Release|Any CPU
		{C4BA0A5D-B488-46CD-8323-8F5B6E97CF70}.Release|Any CPU.Build.0 = Release|Any CPU
		{C4BA0A5D-B488-46CD-8323-8F5B6E97CF70}.Release|x64.ActiveCfg = Release|Any CPU
		{C4BA0A5D-B488-46CD-8323-8F5B6E97CF70}.Release|x64.Build.0 = Release|Any CPU
		{C4BA0A5D-B488-46CD-8323-8F5B6E97CF70}.Release|x86.ActiveCfg = Release|Any CPU
		{C4BA0A5D-B488-46CD-8323-8F5B6E97CF70}.Release|x86.Build.0 = Release|Any CPU
		{91FA4DB9-E3E0-4A3C-B0AB-29DCEC746770}.Debug|Any CPU.ActiveCfg = Debug|Any CPU
		{91FA4DB9-E3E0-4A3C-B0AB-29DCEC746770}.Debug|Any CPU.Build.0 = Debug|Any CPU
		{91FA4DB9-E3E0-4A3C-B0AB-29DCEC746770}.Debug|x64.ActiveCfg = Debug|Any CPU
		{91FA4DB9-E3E0-4A3C-B0AB-29DCEC746770}.Debug|x64.Build.0 = Debug|Any CPU
		{91FA4DB9-E3E0-4A3C-B0AB-29DCEC746770}.Debug|x86.ActiveCfg = Debug|Any CPU
		{91FA4DB9-E3E0-4A3C-B0AB-29DCEC746770}.Debug|x86.Build.0 = Debug|Any CPU
		{91FA4DB9-E3E0-4A3C-B0AB-29DCEC746770}.Release|Any CPU.ActiveCfg = Release|Any CPU
		{91FA4DB9-E3E0-4A3C-B0AB-29DCEC746770}.Release|Any CPU.Build.0 = Release|Any CPU
		{91FA4DB9-E3E0-4A3C-B0AB-29DCEC746770}.Release|x64.ActiveCfg = Release|Any CPU
		{91FA4DB9-E3E0-4A3C-B0AB-29DCEC746770}.Release|x64.Build.0 = Release|Any CPU
		{91FA4DB9-E3E0-4A3C-B0AB-29DCEC746770}.Release|x86.ActiveCfg = Release|Any CPU
		{91FA4DB9-E3E0-4A3C-B0AB-29DCEC746770}.Release|x86.Build.0 = Release|Any CPU
		{A7F86CA6-39F1-4B61-BF71-C01E327FA861}.Debug|Any CPU.ActiveCfg = Debug|Any CPU
		{A7F86CA6-39F1-4B61-BF71-C01E327FA861}.Debug|Any CPU.Build.0 = Debug|Any CPU
		{A7F86CA6-39F1-4B61-BF71-C01E327FA861}.Debug|x64.ActiveCfg = Debug|Any CPU
		{A7F86CA6-39F1-4B61-BF71-C01E327FA861}.Debug|x64.Build.0 = Debug|Any CPU
		{A7F86CA6-39F1-4B61-BF71-C01E327FA861}.Debug|x86.ActiveCfg = Debug|Any CPU
		{A7F86CA6-39F1-4B61-BF71-C01E327FA861}.Debug|x86.Build.0 = Debug|Any CPU
		{A7F86CA6-39F1-4B61-BF71-C01E327FA861}.Release|Any CPU.ActiveCfg = Release|Any CPU
		{A7F86CA6-39F1-4B61-BF71-C01E327FA861}.Release|Any CPU.Build.0 = Release|Any CPU
		{A7F86CA6-39F1-4B61-BF71-C01E327FA861}.Release|x64.ActiveCfg = Release|Any CPU
		{A7F86CA6-39F1-4B61-BF71-C01E327FA861}.Release|x64.Build.0 = Release|Any CPU
		{A7F86CA6-39F1-4B61-BF71-C01E327FA861}.Release|x86.ActiveCfg = Release|Any CPU
		{A7F86CA6-39F1-4B61-BF71-C01E327FA861}.Release|x86.Build.0 = Release|Any CPU
		{5BC05BE9-6F8A-428D-83E7-C406D6736401}.Debug|Any CPU.ActiveCfg = Debug|Any CPU
		{5BC05BE9-6F8A-428D-83E7-C406D6736401}.Debug|Any CPU.Build.0 = Debug|Any CPU
		{5BC05BE9-6F8A-428D-83E7-C406D6736401}.Debug|x64.ActiveCfg = Debug|Any CPU
		{5BC05BE9-6F8A-428D-83E7-C406D6736401}.Debug|x64.Build.0 = Debug|Any CPU
		{5BC05BE9-6F8A-428D-83E7-C406D6736401}.Debug|x86.ActiveCfg = Debug|Any CPU
		{5BC05BE9-6F8A-428D-83E7-C406D6736401}.Debug|x86.Build.0 = Debug|Any CPU
		{5BC05BE9-6F8A-428D-83E7-C406D6736401}.Release|Any CPU.ActiveCfg = Release|Any CPU
		{5BC05BE9-6F8A-428D-83E7-C406D6736401}.Release|Any CPU.Build.0 = Release|Any CPU
		{5BC05BE9-6F8A-428D-83E7-C406D6736401}.Release|x64.ActiveCfg = Release|Any CPU
		{5BC05BE9-6F8A-428D-83E7-C406D6736401}.Release|x64.Build.0 = Release|Any CPU
		{5BC05BE9-6F8A-428D-83E7-C406D6736401}.Release|x86.ActiveCfg = Release|Any CPU
		{5BC05BE9-6F8A-428D-83E7-C406D6736401}.Release|x86.Build.0 = Release|Any CPU
	EndGlobalSection
	GlobalSection(SolutionProperties) = preSolution
		HideSolutionNode = FALSE
	EndGlobalSection
	GlobalSection(NestedProjects) = preSolution
		{B726FB71-D295-41EE-9644-B2B0B1BC8911} = {7C00CB4E-E03D-4B3A-889D-D2B59C3E4438}
		{892CBE15-9ED7-4540-81FA-0EAABA592138} = {D4414E5B-A380-4CBE-9103-BC7588260976}
		{ABC630A2-50D2-4DF5-B4FF-C6E1FABE530E} = {A5EC4DDB-A315-4123-9959-C02245BD7497}
		{CD0EE85F-3877-4725-9A29-968A33156D3D} = {ABC630A2-50D2-4DF5-B4FF-C6E1FABE530E}
		{2630D180-1B68-4E84-AEAC-42EE8C88B50F} = {ABC630A2-50D2-4DF5-B4FF-C6E1FABE530E}
		{ADE96497-7C11-40B6-AE82-57F956C9F104} = {ABC630A2-50D2-4DF5-B4FF-C6E1FABE530E}
		{32EE9373-A350-42AC-972B-41B2EDABA082} = {CD0EE85F-3877-4725-9A29-968A33156D3D}
		{E112FFCC-BD88-4056-99E1-0991A0E82588} = {ABC630A2-50D2-4DF5-B4FF-C6E1FABE530E}
		{147E8CD4-1935-4A34-AFF6-ECB0F8F29B7A} = {010F8680-975D-4BA4-8CE9-E63A44B3A7DF}
		{10972255-F6F0-45D0-AE8C-27BE16558960} = {A5EC4DDB-A315-4123-9959-C02245BD7497}
		{BB454887-1F4B-4712-A2FD-FB1990598EDB} = {10972255-F6F0-45D0-AE8C-27BE16558960}
		{F4F76A34-3088-41D6-ACEF-47D2DDC94441} = {7C00CB4E-E03D-4B3A-889D-D2B59C3E4438}
		{2002CE8C-3ED7-4621-B5FF-FE202727FA72} = {10972255-F6F0-45D0-AE8C-27BE16558960}
		{F0530BBE-B691-42BC-AC88-C9438E1A3EF2} = {2002CE8C-3ED7-4621-B5FF-FE202727FA72}
		{F680D34F-C148-4314-8914-B2DF3E7B17AF} = {ABC630A2-50D2-4DF5-B4FF-C6E1FABE530E}
		{3C03A41C-BE4C-40A8-97D5-5DBAC0C34102} = {ABC630A2-50D2-4DF5-B4FF-C6E1FABE530E}
		{05FA2F21-D4DE-4F42-8D8F-AC79993394F6} = {ABC630A2-50D2-4DF5-B4FF-C6E1FABE530E}
		{3DD11384-2CC1-4EE9-9F4A-02B6FE8759C0} = {ABC630A2-50D2-4DF5-B4FF-C6E1FABE530E}
		{6BD692A7-28AC-432B-A316-DEB277EDE45A} = {EF1AF73E-2FBA-4D5A-AC10-6FE10DD14FA0}
		{22B4189D-4F0E-4692-8CC2-B6F6D1E70234} = {6FB58935-3E2D-4463-B39D-C51457554D7B}
		{D4A48626-4672-42DE-B8D1-4722657A4695} = {A5EC4DDB-A315-4123-9959-C02245BD7497}
		{1E6CD6EC-14C4-4DD5-9534-68067686AD48} = {A5EC4DDB-A315-4123-9959-C02245BD7497}
		{03A78D00-8D07-416E-B730-8F730D93A751} = {A5EC4DDB-A315-4123-9959-C02245BD7497}
		{36299CC7-43BA-4F75-AF82-96A54DD3D0E9} = {03A78D00-8D07-416E-B730-8F730D93A751}
		{C6CF75F4-B2F3-4139-88E9-0EBB37E04E16} = {7C00CB4E-E03D-4B3A-889D-D2B59C3E4438}
		{C4260CCE-7396-4A8F-A860-89486797CD55} = {03A78D00-8D07-416E-B730-8F730D93A751}
		{CB12BBE4-0576-4E04-86E1-8A5ACAEDE92A} = {ABC630A2-50D2-4DF5-B4FF-C6E1FABE530E}
		{CB6982B1-61BD-4208-AD58-7937D51AB954} = {CB12BBE4-0576-4E04-86E1-8A5ACAEDE92A}
		{C4BA0A5D-B488-46CD-8323-8F5B6E97CF70} = {CB12BBE4-0576-4E04-86E1-8A5ACAEDE92A}
		{91FA4DB9-E3E0-4A3C-B0AB-29DCEC746770} = {7C00CB4E-E03D-4B3A-889D-D2B59C3E4438}
		{A7F86CA6-39F1-4B61-BF71-C01E327FA861} = {D4414E5B-A380-4CBE-9103-BC7588260976}
		{EF1AF73E-2FBA-4D5A-AC10-6FE10DD14FA0} = {6FB58935-3E2D-4463-B39D-C51457554D7B}
		{5BC05BE9-6F8A-428D-83E7-C406D6736401} = {EF1AF73E-2FBA-4D5A-AC10-6FE10DD14FA0}
	EndGlobalSection
	GlobalSection(ExtensibilityGlobals) = postSolution
		SolutionGuid = {615B9FE4-1B24-44A2-BBA5-C8FBA4D6303D}
	EndGlobalSection
EndGlobal
